
Microsoft Visual Studio Solution File, Format Version 12.00
# Visual Studio 15
VisualStudioVersion = 15.0.27130.2024
MinimumVisualStudioVersion = 10.0.40219.1
Project("{9A19103F-16F7-4668-BE54-9A1E7A4F7556}") = "DNotes.BlockExplorer.Console", "DNotes.BlockExplorer.Console\DNotes.BlockExplorer.Console.csproj", "{9C1108F2-1081-43FC-A3EE-E2F44B9D97FF}"
EndProject
Project("{9A19103F-16F7-4668-BE54-9A1E7A4F7556}") = "NBitcoin", "NBitcoin\NBitcoin.csproj", "{A41059CC-86ED-4D9E-8FB3-22BCDEFEF78D}"
EndProject
Project("{9A19103F-16F7-4668-BE54-9A1E7A4F7556}") = "NBitcoin.Tests", "NBitcoin.Tests\NBitcoin.Tests.csproj", "{5E742214-EA2A-4F4D-95B7-BEBB561E36E9}"
EndProject
Project("{FAE04EC0-301F-11D3-BF4B-00C04F79EFBC}") = "DNotes.BlockExplorer.Web", "DNotes.BlockExplorer.Web\DNotes.BlockExplorer.Web.csproj", "{214118E6-36ED-4109-967B-4E8883649E5D}"
EndProject
Project("{00D1A9C2-B5F0-4AF3-8072-F6C62B433612}") = "DNotes.BlockExplorer.Database", "DNotes.BlockExplorer.Database\DNotes.BlockExplorer.Database.sqlproj", "{A59B0C0F-F1D2-4361-B64E-8BBD0FFD54AF}"
EndProject
Project("{FAE04EC0-301F-11D3-BF4B-00C04F79EFBC}") = "DNotes.BlockExplorer.Service", "DNotes.BlockExplorer.Service\DNotes.BlockExplorer.Service.csproj", "{5105E374-D34A-4929-8AD6-AE2FC0C0D444}"
EndProject
Project("{FAE04EC0-301F-11D3-BF4B-00C04F79EFBC}") = "DNotes.Infrastructure", "DNotes.Infrastructure\DNotes.Infrastructure.csproj", "{229895E3-8B4D-4A21-A520-2104F87CEC48}"
EndProject
Global
	GlobalSection(SolutionConfigurationPlatforms) = preSolution
		Debug|Any CPU = Debug|Any CPU
		Release|Any CPU = Release|Any CPU
	EndGlobalSection
	GlobalSection(ProjectConfigurationPlatforms) = postSolution
		{9C1108F2-1081-43FC-A3EE-E2F44B9D97FF}.Debug|Any CPU.ActiveCfg = Debug|Any CPU
		{9C1108F2-1081-43FC-A3EE-E2F44B9D97FF}.Debug|Any CPU.Build.0 = Debug|Any CPU
		{9C1108F2-1081-43FC-A3EE-E2F44B9D97FF}.Release|Any CPU.ActiveCfg = Release|Any CPU
		{9C1108F2-1081-43FC-A3EE-E2F44B9D97FF}.Release|Any CPU.Build.0 = Release|Any CPU
		{A41059CC-86ED-4D9E-8FB3-22BCDEFEF78D}.Debug|Any CPU.ActiveCfg = Debug|Any CPU
		{A41059CC-86ED-4D9E-8FB3-22BCDEFEF78D}.Debug|Any CPU.Build.0 = Debug|Any CPU
		{A41059CC-86ED-4D9E-8FB3-22BCDEFEF78D}.Release|Any CPU.ActiveCfg = Release|Any CPU
		{A41059CC-86ED-4D9E-8FB3-22BCDEFEF78D}.Release|Any CPU.Build.0 = Release|Any CPU
		{5E742214-EA2A-4F4D-95B7-BEBB561E36E9}.Debug|Any CPU.ActiveCfg = Debug|Any CPU
		{5E742214-EA2A-4F4D-95B7-BEBB561E36E9}.Debug|Any CPU.Build.0 = Debug|Any CPU
		{5E742214-EA2A-4F4D-95B7-BEBB561E36E9}.Release|Any CPU.ActiveCfg = Release|Any CPU
		{5E742214-EA2A-4F4D-95B7-BEBB561E36E9}.Release|Any CPU.Build.0 = Release|Any CPU
		{214118E6-36ED-4109-967B-4E8883649E5D}.Debug|Any CPU.ActiveCfg = Debug|Any CPU
		{214118E6-36ED-4109-967B-4E8883649E5D}.Debug|Any CPU.Build.0 = Debug|Any CPU
		{214118E6-36ED-4109-967B-4E8883649E5D}.Release|Any CPU.ActiveCfg = Release|Any CPU
		{214118E6-36ED-4109-967B-4E8883649E5D}.Release|Any CPU.Build.0 = Release|Any CPU
		{A59B0C0F-F1D2-4361-B64E-8BBD0FFD54AF}.Debug|Any CPU.ActiveCfg = Debug|Any CPU
		{A59B0C0F-F1D2-4361-B64E-8BBD0FFD54AF}.Debug|Any CPU.Build.0 = Debug|Any CPU
		{A59B0C0F-F1D2-4361-B64E-8BBD0FFD54AF}.Debug|Any CPU.Deploy.0 = Debug|Any CPU
		{A59B0C0F-F1D2-4361-B64E-8BBD0FFD54AF}.Release|Any CPU.ActiveCfg = Release|Any CPU
		{A59B0C0F-F1D2-4361-B64E-8BBD0FFD54AF}.Release|Any CPU.Build.0 = Release|Any CPU
		{A59B0C0F-F1D2-4361-B64E-8BBD0FFD54AF}.Release|Any CPU.Deploy.0 = Release|Any CPU
		{5105E374-D34A-4929-8AD6-AE2FC0C0D444}.Debug|Any CPU.ActiveCfg = Debug|Any CPU
		{5105E374-D34A-4929-8AD6-AE2FC0C0D444}.Debug|Any CPU.Build.0 = Debug|Any CPU
		{5105E374-D34A-4929-8AD6-AE2FC0C0D444}.Release|Any CPU.ActiveCfg = Release|Any CPU
		{5105E374-D34A-4929-8AD6-AE2FC0C0D444}.Release|Any CPU.Build.0 = Release|Any CPU
		{229895E3-8B4D-4A21-A520-2104F87CEC48}.Debug|Any CPU.ActiveCfg = Debug|Any CPU
		{229895E3-8B4D-4A21-A520-2104F87CEC48}.Debug|Any CPU.Build.0 = Debug|Any CPU
		{229895E3-8B4D-4A21-A520-2104F87CEC48}.Release|Any CPU.ActiveCfg = Release|Any CPU
		{229895E3-8B4D-4A21-A520-2104F87CEC48}.Release|Any CPU.Build.0 = Release|Any CPU
	EndGlobalSection
	GlobalSection(SolutionProperties) = preSolution
		HideSolutionNode = FALSE
	EndGlobalSection
	GlobalSection(ExtensibilityGlobals) = postSolution
		SolutionGuid = {49844CA4-E6A1-4D28-90B0-266AB64B7FD2}
	EndGlobalSection
EndGlobal
