
Microsoft Visual Studio Solution File, Format Version 12.00
# Visual Studio 15
VisualStudioVersion = 15.0.27130.2024
MinimumVisualStudioVersion = 10.0.40219.1
Project("{9A19103F-16F7-4668-BE54-9A1E7A4F7556}") = "DNotes.BlockExplorer.Console", "DNotes.BlockExplorer.Console\DNotes.BlockExplorer.Console.csproj", "{9C1108F2-1081-43FC-A3EE-E2F44B9D97FF}"
EndProject
Project("{9A19103F-16F7-4668-BE54-9A1E7A4F7556}") = "NBitcoin", "NBitcoin\NBitcoin.csproj", "{A41059CC-86ED-4D9E-8FB3-22BCDEFEF78D}"
EndProject
Project("{9A19103F-16F7-4668-BE54-9A1E7A4F7556}") = "NBitcoin.Tests", "NBitcoin.Tests\NBitcoin.Tests.csproj", "{5E742214-EA2A-4F4D-95B7-BEBB561E36E9}"
EndProject
Global
	GlobalSection(SolutionConfigurationPlatforms) = preSolution
		Debug|Any CPU = Debug|Any CPU
		Release|Any CPU = Release|Any CPU
	EndGlobalSection
	GlobalSection(ProjectConfigurationPlatforms) = postSolution
		{9C1108F2-1081-43FC-A3EE-E2F44B9D97FF}.Debug|Any CPU.ActiveCfg = Debug|Any CPU
		{9C1108F2-1081-43FC-A3EE-E2F44B9D97FF}.Debug|Any CPU.Build.0 = Debug|Any CPU
		{9C1108F2-1081-43FC-A3EE-E2F44B9D97FF}.Release|Any CPU.ActiveCfg = Release|Any CPU
		{9C1108F2-1081-43FC-A3EE-E2F44B9D97FF}.Release|Any CPU.Build.0 = Release|Any CPU
		{A41059CC-86ED-4D9E-8FB3-22BCDEFEF78D}.Debug|Any CPU.ActiveCfg = Debug|Any CPU
		{A41059CC-86ED-4D9E-8FB3-22BCDEFEF78D}.Debug|Any CPU.Build.0 = Debug|Any CPU
		{A41059CC-86ED-4D9E-8FB3-22BCDEFEF78D}.Release|Any CPU.ActiveCfg = Release|Any CPU
		{A41059CC-86ED-4D9E-8FB3-22BCDEFEF78D}.Release|Any CPU.Build.0 = Release|Any CPU
		{5E742214-EA2A-4F4D-95B7-BEBB561E36E9}.Debug|Any CPU.ActiveCfg = Debug|Any CPU
		{5E742214-EA2A-4F4D-95B7-BEBB561E36E9}.Debug|Any CPU.Build.0 = Debug|Any CPU
		{5E742214-EA2A-4F4D-95B7-BEBB561E36E9}.Release|Any CPU.ActiveCfg = Release|Any CPU
		{5E742214-EA2A-4F4D-95B7-BEBB561E36E9}.Release|Any CPU.Build.0 = Release|Any CPU
	EndGlobalSection
	GlobalSection(SolutionProperties) = preSolution
		HideSolutionNode = FALSE
	EndGlobalSection
	GlobalSection(ExtensibilityGlobals) = postSolution
		SolutionGuid = {49844CA4-E6A1-4D28-90B0-266AB64B7FD2}
	EndGlobalSection
EndGlobal
